github.com/ebml-go/ebml v0.0.0-20160925193348-ca8851a10894 h1:N1Navg94Gvv0DkkFJFoTBxb8e886L3dqq2UoUMjcVZI=
github.com/ebml-go/ebml v0.0.0-20160925193348-ca8851a10894/go.mod h1:nW0Kn5hTb57MDQW6vhOAUsT5/z6o9RQcMs8wmOcZtWw=
github.com/ebml-go/webm v0.0.0-20221117133942-84fa5245cf70 h1:O0HjSbA6P3KVwZsDBn1Kil38PkS9eMOpIhCMyNPk0js=
github.com/ebml-go/webm v0.0.0-20221117133942-84fa5245cf70/go.mod h1:H6o03B1Zd3dem8QXDw0MBAmShfDPkwtzmqUUebZ2HKo=
github.com/go-gl/gl v0.0.0-20231021071112-07e5d0ea2e71 h1:5BVwOaUSBTlVZowGO6VZGw2H/zl9nrd3eCZfYV+NfQA=
github.com/go-gl/gl v0.0.0-20231021071112-07e5d0ea2e71/go.mod h1:9YTyiznxEY1fVinfM7RvRcjRHbw2xLBJ3AAGIT0I4Nw=
github.com/go-gl/glfw v0.0.0-20240506104042-037f3cc74f2a h1:FAC6eA052T8d4Lp5GR38Sxta8fnq//jjBGDtsT0TVAU=
github.com/go-gl/glfw v0.0.0-20240506104042-037f3cc74f2a/go.mod h1:wyvWpaEu9B/VQiV1jsPs7Mha9I7yto/HqIBw197ZAzk=
github.com/petar/GoLLRB v0.0.0-20130427215148-53be0d36a84c h1:AwcgVYzW1T+QuJ2fc55ceOSCiVaOpdYUNpFj9t7+n9U=
github.com/petar/GoLLRB v0.0.0-20130427215148-53be0d36a84c/go.mod h1:HUpKUBZnpzkdx0kD/+Yfuft+uD3zHGtXF/XJB14TUr4=
github.com/xlab/closer v1.1.0 h1:yrDiOXjd/B7pZ3lZkl/EZ1gWrR2M2N5XpBnixynm4mc=
github.com/xlab/closer v1.1.0/go.mod h1:Ff8YcUPbn5jju6nClrMCmJHQABM0S/obEK0za/1yVMk=
github.com/xlab/opus-go v0.0.0-20160927191724-e36bd15a5261 h1:JRjEDJKXrjA92hngPp86Foue/tdJ3468lveZKDVAX+o=
github.com/xlab/opus-go v0.0.0-20160927191724-e36bd15a5261/go.mod h1:M8e9oAhzUgoH2fgCp6K40vYX2tOF5zOWHsJu6W3lj0E=
github.com/xlab/portaudio-go v0.0.0-20170905165025-132d041879db h1:sSIQlvfIWUHLDhEWUL2K2CeYv9CDksC00VxuxPUe4lw=
github.com/xlab/portaudio-go v0.0.0-20170905165025-132d041879db/go.mod h1:r57mRacDQMS6Fz8ubv1nE8zZ0DbQ/sY0NkCmdxeUXmY=
github.com/xlab/vorbis-go v0.0.0-20210911202351-b5b85f1ec645 h1:lYg/+vV/Fd5WM1+Ptg54Am3y4mDXaMSrT+mKUHV5uVc=
github.com/xlab/vorbis-go v0.0.0-20210911202351-b5b85f1ec645/go.mod h1:AMqfx3jFwPqem3u8mF2lsRodZs30jG/Mag5HZ3mB3sA=
